// !$*UTF8*$!
{
	archiveVersion = 1;
	classes = {
	};
	objectVersion = 56;
	objects = {

/* Begin PBXBuildFile section */
		B7084E212BE0AE3B001AC448 /* AddView.swift in Sources */ = {isa = PBXBuildFile; fileRef = B7084E202BE0AE3B001AC448 /* AddView.swift */; };
		B7184B042BE4BE9B00607456 /* ImagePicker.swift in Sources */ = {isa = PBXBuildFile; fileRef = B7184B032BE4BE9B00607456 /* ImagePicker.swift */; };
		B7184B082BF9097B00607456 /* FirebaseModel.swift in Sources */ = {isa = PBXBuildFile; fileRef = B7184B072BF9097B00607456 /* FirebaseModel.swift */; };
		B7184B0A2BFB27D500607456 /* PortadaViewModel.swift in Sources */ = {isa = PBXBuildFile; fileRef = B7184B092BFB27D500607456 /* PortadaViewModel.swift */; };
		B7184B0C2BFB29CF00607456 /* ImagenFirebase.swift in Sources */ = {isa = PBXBuildFile; fileRef = B7184B0B2BFB29CF00607456 /* ImagenFirebase.swift */; };
		B7184B0E2BFB2BF000607456 /* ListView.swift in Sources */ = {isa = PBXBuildFile; fileRef = B7184B0D2BFB2BF000607456 /* ListView.swift */; };
		B736FC212BD23EEA00FB4C4B /* IphoneIpadFirebaseApp.swift in Sources */ = {isa = PBXBuildFile; fileRef = B736FC202BD23EEA00FB4C4B /* IphoneIpadFirebaseApp.swift */; };
		B736FC232BD23EEA00FB4C4B /* ContentView.swift in Sources */ = {isa = PBXBuildFile; fileRef = B736FC222BD23EEA00FB4C4B /* ContentView.swift */; };
		B736FC252BD23EEE00FB4C4B /* Assets.xcassets in Resources */ = {isa = PBXBuildFile; fileRef = B736FC242BD23EEE00FB4C4B /* Assets.xcassets */; };
		B736FC282BD23EEE00FB4C4B /* Preview Assets.xcassets in Resources */ = {isa = PBXBuildFile; fileRef = B736FC272BD23EEE00FB4C4B /* Preview Assets.xcassets */; };
		B736FC312BD23F4200FB4C4B /* Home.swift in Sources */ = {isa = PBXBuildFile; fileRef = B736FC302BD23F4200FB4C4B /* Home.swift */; };
		B736FC332BD23F6800FB4C4B /* NavBar.swift in Sources */ = {isa = PBXBuildFile; fileRef = B736FC322BD23F6800FB4C4B /* NavBar.swift */; };
		B736FC352BD23F7D00FB4C4B /* CardView.swift in Sources */ = {isa = PBXBuildFile; fileRef = B736FC342BD23F7D00FB4C4B /* CardView.swift */; };
		B736FC372BD23F8D00FB4C4B /* ButtonView.swift in Sources */ = {isa = PBXBuildFile; fileRef = B736FC362BD23F8D00FB4C4B /* ButtonView.swift */; };
		B736FC392BD770CB00FB4C4B /* GoogleService-Info.plist in Resources */ = {isa = PBXBuildFile; fileRef = B736FC382BD770CB00FB4C4B /* GoogleService-Info.plist */; };
		B736FC3C2BD7745000FB4C4B /* FirebaseAnalytics in Frameworks */ = {isa = PBXBuildFile; productRef = B736FC3B2BD7745000FB4C4B /* FirebaseAnalytics */; };
		B736FC3E2BD7745000FB4C4B /* FirebaseAnalyticsOnDeviceConversion in Frameworks */ = {isa = PBXBuildFile; productRef = B736FC3D2BD7745000FB4C4B /* FirebaseAnalyticsOnDeviceConversion */; };
		B736FC402BD7745000FB4C4B /* FirebaseAnalyticsSwift in Frameworks */ = {isa = PBXBuildFile; productRef = B736FC3F2BD7745000FB4C4B /* FirebaseAnalyticsSwift */; };
		B736FC422BD7745000FB4C4B /* FirebaseAnalyticsWithoutAdIdSupport in Frameworks */ = {isa = PBXBuildFile; productRef = B736FC412BD7745000FB4C4B /* FirebaseAnalyticsWithoutAdIdSupport */; };
		B736FC442BD7745000FB4C4B /* FirebaseAppCheck in Frameworks */ = {isa = PBXBuildFile; productRef = B736FC432BD7745000FB4C4B /* FirebaseAppCheck */; };
		B736FC462BD7745000FB4C4B /* FirebaseAppDistribution-Beta in Frameworks */ = {isa = PBXBuildFile; productRef = B736FC452BD7745000FB4C4B /* FirebaseAppDistribution-Beta */; };
		B736FC482BD7745000FB4C4B /* FirebaseAuth in Frameworks */ = {isa = PBXBuildFile; productRef = B736FC472BD7745000FB4C4B /* FirebaseAuth */; };
		B736FC4A2BD7745000FB4C4B /* FirebaseAuthCombine-Community in Frameworks */ = {isa = PBXBuildFile; productRef = B736FC492BD7745000FB4C4B /* FirebaseAuthCombine-Community */; };
		B736FC4C2BD7745000FB4C4B /* FirebaseCrashlytics in Frameworks */ = {isa = PBXBuildFile; productRef = B736FC4B2BD7745000FB4C4B /* FirebaseCrashlytics */; };
		B736FC4E2BD7745000FB4C4B /* FirebaseDatabase in Frameworks */ = {isa = PBXBuildFile; productRef = B736FC4D2BD7745000FB4C4B /* FirebaseDatabase */; };
		B736FC502BD7745000FB4C4B /* FirebaseDatabaseSwift in Frameworks */ = {isa = PBXBuildFile; productRef = B736FC4F2BD7745000FB4C4B /* FirebaseDatabaseSwift */; };
		B736FC522BD7745000FB4C4B /* FirebaseDynamicLinks in Frameworks */ = {isa = PBXBuildFile; productRef = B736FC512BD7745000FB4C4B /* FirebaseDynamicLinks */; };
		B736FC542BD7745000FB4C4B /* FirebaseFirestore in Frameworks */ = {isa = PBXBuildFile; productRef = B736FC532BD7745000FB4C4B /* FirebaseFirestore */; };
		B736FC562BD7745000FB4C4B /* FirebaseFirestoreCombine-Community in Frameworks */ = {isa = PBXBuildFile; productRef = B736FC552BD7745000FB4C4B /* FirebaseFirestoreCombine-Community */; };
		B736FC582BD7745000FB4C4B /* FirebaseFirestoreSwift in Frameworks */ = {isa = PBXBuildFile; productRef = B736FC572BD7745000FB4C4B /* FirebaseFirestoreSwift */; };
		B736FC5A2BD7745000FB4C4B /* FirebaseFunctions in Frameworks */ = {isa = PBXBuildFile; productRef = B736FC592BD7745000FB4C4B /* FirebaseFunctions */; };
		B736FC5C2BD7745000FB4C4B /* FirebaseFunctionsCombine-Community in Frameworks */ = {isa = PBXBuildFile; productRef = B736FC5B2BD7745000FB4C4B /* FirebaseFunctionsCombine-Community */; };
		B736FC5E2BD7745000FB4C4B /* FirebaseInAppMessaging-Beta in Frameworks */ = {isa = PBXBuildFile; productRef = B736FC5D2BD7745000FB4C4B /* FirebaseInAppMessaging-Beta */; };
		B736FC602BD7745000FB4C4B /* FirebaseInAppMessagingSwift-Beta in Frameworks */ = {isa = PBXBuildFile; productRef = B736FC5F2BD7745000FB4C4B /* FirebaseInAppMessagingSwift-Beta */; };
		B736FC622BD7745000FB4C4B /* FirebaseInstallations in Frameworks */ = {isa = PBXBuildFile; productRef = B736FC612BD7745000FB4C4B /* FirebaseInstallations */; };
		B736FC642BD7745000FB4C4B /* FirebaseMLModelDownloader in Frameworks */ = {isa = PBXBuildFile; productRef = B736FC632BD7745000FB4C4B /* FirebaseMLModelDownloader */; };
		B736FC662BD7745000FB4C4B /* FirebaseMessaging in Frameworks */ = {isa = PBXBuildFile; productRef = B736FC652BD7745000FB4C4B /* FirebaseMessaging */; };
		B736FC682BD7745000FB4C4B /* FirebasePerformance in Frameworks */ = {isa = PBXBuildFile; productRef = B736FC672BD7745000FB4C4B /* FirebasePerformance */; };
		B736FC6A2BD7745000FB4C4B /* FirebaseRemoteConfig in Frameworks */ = {isa = PBXBuildFile; productRef = B736FC692BD7745000FB4C4B /* FirebaseRemoteConfig */; };
		B736FC6C2BD7745000FB4C4B /* FirebaseRemoteConfigSwift in Frameworks */ = {isa = PBXBuildFile; productRef = B736FC6B2BD7745000FB4C4B /* FirebaseRemoteConfigSwift */; };
		B736FC6E2BD7745000FB4C4B /* FirebaseStorage in Frameworks */ = {isa = PBXBuildFile; productRef = B736FC6D2BD7745000FB4C4B /* FirebaseStorage */; };
		B736FC702BD7745000FB4C4B /* FirebaseStorageCombine-Community in Frameworks */ = {isa = PBXBuildFile; productRef = B736FC6F2BD7745000FB4C4B /* FirebaseStorageCombine-Community */; };
		B736FC722BD7750F00FB4C4B /* AppDelegate.swift in Sources */ = {isa = PBXBuildFile; fileRef = B736FC712BD7750F00FB4C4B /* AppDelegate.swift */; };
		B736FC752BD864C700FB4C4B /* FirebaseViewModel.swift in Sources */ = {isa = PBXBuildFile; fileRef = B736FC742BD864C700FB4C4B /* FirebaseViewModel.swift */; };
		B736FC772BD8CB8800FB4C4B /* Login.swift in Sources */ = {isa = PBXBuildFile; fileRef = B736FC762BD8CB8800FB4C4B /* Login.swift */; };
/* End PBXBuildFile section */

/* Begin PBXFileReference section */
		B7084E202BE0AE3B001AC448 /* AddView.swift */ = {isa = PBXFileReference; lastKnownFileType = sourcecode.swift; path = AddView.swift; sourceTree = "<group>"; };
		B7184B032BE4BE9B00607456 /* ImagePicker.swift */ = {isa = PBXFileReference; lastKnownFileType = sourcecode.swift; path = ImagePicker.swift; sourceTree = "<group>"; };
		B7184B072BF9097B00607456 /* FirebaseModel.swift */ = {isa = PBXFileReference; lastKnownFileType = sourcecode.swift; path = FirebaseModel.swift; sourceTree = "<group>"; };
		B7184B092BFB27D500607456 /* PortadaViewModel.swift */ = {isa = PBXFileReference; lastKnownFileType = sourcecode.swift; path = PortadaViewModel.swift; sourceTree = "<group>"; };
		B7184B0B2BFB29CF00607456 /* ImagenFirebase.swift */ = {isa = PBXFileReference; lastKnownFileType = sourcecode.swift; path = ImagenFirebase.swift; sourceTree = "<group>"; };
		B7184B0D2BFB2BF000607456 /* ListView.swift */ = {isa = PBXFileReference; lastKnownFileType = sourcecode.swift; path = ListView.swift; sourceTree = "<group>"; };
		B736FC1D2BD23EEA00FB4C4B /* IphoneIpadFirebase.app */ = {isa = PBXFileReference; explicitFileType = wrapper.application; includeInIndex = 0; path = IphoneIpadFirebase.app; sourceTree = BUILT_PRODUCTS_DIR; };
		B736FC202BD23EEA00FB4C4B /* IphoneIpadFirebaseApp.swift */ = {isa = PBXFileReference; lastKnownFileType = sourcecode.swift; path = IphoneIpadFirebaseApp.swift; sourceTree = "<group>"; };
		B736FC222BD23EEA00FB4C4B /* ContentView.swift */ = {isa = PBXFileReference; lastKnownFileType = sourcecode.swift; path = ContentView.swift; sourceTree = "<group>"; };
		B736FC242BD23EEE00FB4C4B /* Assets.xcassets */ = {isa = PBXFileReference; lastKnownFileType = folder.assetcatalog; path = Assets.xcassets; sourceTree = "<group>"; };
		B736FC272BD23EEE00FB4C4B /* Preview Assets.xcassets */ = {isa = PBXFileReference; lastKnownFileType = folder.assetcatalog; path = "Preview Assets.xcassets"; sourceTree = "<group>"; };
		B736FC302BD23F4200FB4C4B /* Home.swift */ = {isa = PBXFileReference; lastKnownFileType = sourcecode.swift; path = Home.swift; sourceTree = "<group>"; };
		B736FC322BD23F6800FB4C4B /* NavBar.swift */ = {isa = PBXFileReference; lastKnownFileType = sourcecode.swift; path = NavBar.swift; sourceTree = "<group>"; };
		B736FC342BD23F7D00FB4C4B /* CardView.swift */ = {isa = PBXFileReference; lastKnownFileType = sourcecode.swift; path = CardView.swift; sourceTree = "<group>"; };
		B736FC362BD23F8D00FB4C4B /* ButtonView.swift */ = {isa = PBXFileReference; lastKnownFileType = sourcecode.swift; path = ButtonView.swift; sourceTree = "<group>"; };
		B736FC382BD770CB00FB4C4B /* GoogleService-Info.plist */ = {isa = PBXFileReference; fileEncoding = 4; lastKnownFileType = text.plist.xml; path = "GoogleService-Info.plist"; sourceTree = "<group>"; };
		B736FC712BD7750F00FB4C4B /* AppDelegate.swift */ = {isa = PBXFileReference; lastKnownFileType = sourcecode.swift; path = AppDelegate.swift; sourceTree = "<group>"; };
		B736FC742BD864C700FB4C4B /* FirebaseViewModel.swift */ = {isa = PBXFileReference; lastKnownFileType = sourcecode.swift; path = FirebaseViewModel.swift; sourceTree = "<group>"; };
		B736FC762BD8CB8800FB4C4B /* Login.swift */ = {isa = PBXFileReference; lastKnownFileType = sourcecode.swift; path = Login.swift; sourceTree = "<group>"; };
/* End PBXFileReference section */

/* Begin PBXFrameworksBuildPhase section */
		B736FC1A2BD23EEA00FB4C4B /* Frameworks */ = {
			isa = PBXFrameworksBuildPhase;
			buildActionMask = 2147483647;
			files = (
				B736FC4E2BD7745000FB4C4B /* FirebaseDatabase in Frameworks */,
				B736FC5C2BD7745000FB4C4B /* FirebaseFunctionsCombine-Community in Frameworks */,
				B736FC542BD7745000FB4C4B /* FirebaseFirestore in Frameworks */,
				B736FC402BD7745000FB4C4B /* FirebaseAnalyticsSwift in Frameworks */,
				B736FC3C2BD7745000FB4C4B /* FirebaseAnalytics in Frameworks */,
				B736FC3E2BD7745000FB4C4B /* FirebaseAnalyticsOnDeviceConversion in Frameworks */,
				B736FC642BD7745000FB4C4B /* FirebaseMLModelDownloader in Frameworks */,
				B736FC582BD7745000FB4C4B /* FirebaseFirestoreSwift in Frameworks */,
				B736FC442BD7745000FB4C4B /* FirebaseAppCheck in Frameworks */,
				B736FC422BD7745000FB4C4B /* FirebaseAnalyticsWithoutAdIdSupport in Frameworks */,
				B736FC482BD7745000FB4C4B /* FirebaseAuth in Frameworks */,
				B736FC4C2BD7745000FB4C4B /* FirebaseCrashlytics in Frameworks */,
				B736FC6C2BD7745000FB4C4B /* FirebaseRemoteConfigSwift in Frameworks */,
				B736FC5E2BD7745000FB4C4B /* FirebaseInAppMessaging-Beta in Frameworks */,
				B736FC502BD7745000FB4C4B /* FirebaseDatabaseSwift in Frameworks */,
				B736FC5A2BD7745000FB4C4B /* FirebaseFunctions in Frameworks */,
				B736FC702BD7745000FB4C4B /* FirebaseStorageCombine-Community in Frameworks */,
				B736FC6A2BD7745000FB4C4B /* FirebaseRemoteConfig in Frameworks */,
				B736FC462BD7745000FB4C4B /* FirebaseAppDistribution-Beta in Frameworks */,
				B736FC4A2BD7745000FB4C4B /* FirebaseAuthCombine-Community in Frameworks */,
				B736FC682BD7745000FB4C4B /* FirebasePerformance in Frameworks */,
				B736FC602BD7745000FB4C4B /* FirebaseInAppMessagingSwift-Beta in Frameworks */,
				B736FC6E2BD7745000FB4C4B /* FirebaseStorage in Frameworks */,
				B736FC522BD7745000FB4C4B /* FirebaseDynamicLinks in Frameworks */,
				B736FC562BD7745000FB4C4B /* FirebaseFirestoreCombine-Community in Frameworks */,
				B736FC662BD7745000FB4C4B /* FirebaseMessaging in Frameworks */,
				B736FC622BD7745000FB4C4B /* FirebaseInstallations in Frameworks */,
			);
			runOnlyForDeploymentPostprocessing = 0;
		};
/* End PBXFrameworksBuildPhase section */

/* Begin PBXGroup section */
		B7184B062BF9095800607456 /* Model */ = {
			isa = PBXGroup;
			children = (
				B7184B072BF9097B00607456 /* FirebaseModel.swift */,
			);
			path = Model;
			sourceTree = "<group>";
		};
		B736FC142BD23EEA00FB4C4B = {
			isa = PBXGroup;
			children = (
				B736FC1F2BD23EEA00FB4C4B /* IphoneIpadFirebase */,
				B736FC1E2BD23EEA00FB4C4B /* Products */,
			);
			sourceTree = "<group>";
		};
		B736FC1E2BD23EEA00FB4C4B /* Products */ = {
			isa = PBXGroup;
			children = (
				B736FC1D2BD23EEA00FB4C4B /* IphoneIpadFirebase.app */,
			);
			name = Products;
			sourceTree = "<group>";
		};
		B736FC1F2BD23EEA00FB4C4B /* IphoneIpadFirebase */ = {
			isa = PBXGroup;
			children = (
				B7184B062BF9095800607456 /* Model */,
				B736FC732BD8649700FB4C4B /* ViewModel */,
				B736FC382BD770CB00FB4C4B /* GoogleService-Info.plist */,
				B736FC2E2BD23F1900FB4C4B /* View */,
				B736FC202BD23EEA00FB4C4B /* IphoneIpadFirebaseApp.swift */,
				B736FC222BD23EEA00FB4C4B /* ContentView.swift */,
				B736FC242BD23EEE00FB4C4B /* Assets.xcassets */,
				B736FC262BD23EEE00FB4C4B /* Preview Content */,
				B736FC712BD7750F00FB4C4B /* AppDelegate.swift */,
			);
			path = IphoneIpadFirebase;
			sourceTree = "<group>";
		};
		B736FC262BD23EEE00FB4C4B /* Preview Content */ = {
			isa = PBXGroup;
			children = (
				B736FC272BD23EEE00FB4C4B /* Preview Assets.xcassets */,
			);
			path = "Preview Content";
			sourceTree = "<group>";
		};
		B736FC2E2BD23F1900FB4C4B /* View */ = {
			isa = PBXGroup;
			children = (
				B736FC302BD23F4200FB4C4B /* Home.swift */,
				B736FC2F2BD23F2500FB4C4B /* Elementos */,
				B736FC762BD8CB8800FB4C4B /* Login.swift */,
				B7084E202BE0AE3B001AC448 /* AddView.swift */,
			);
			path = View;
			sourceTree = "<group>";
		};
		B736FC2F2BD23F2500FB4C4B /* Elementos */ = {
			isa = PBXGroup;
			children = (
				B736FC322BD23F6800FB4C4B /* NavBar.swift */,
				B736FC342BD23F7D00FB4C4B /* CardView.swift */,
				B736FC362BD23F8D00FB4C4B /* ButtonView.swift */,
				B7184B032BE4BE9B00607456 /* ImagePicker.swift */,
				B7184B0B2BFB29CF00607456 /* ImagenFirebase.swift */,
				B7184B0D2BFB2BF000607456 /* ListView.swift */,
			);
			path = Elementos;
			sourceTree = "<group>";
		};
		B736FC732BD8649700FB4C4B /* ViewModel */ = {
			isa = PBXGroup;
			children = (
				B736FC742BD864C700FB4C4B /* FirebaseViewModel.swift */,
				B7184B092BFB27D500607456 /* PortadaViewModel.swift */,
			);
			path = ViewModel;
			sourceTree = "<group>";
		};
/* End PBXGroup section */

/* Begin PBXNativeTarget section */
		B736FC1C2BD23EEA00FB4C4B /* IphoneIpadFirebase */ = {
			isa = PBXNativeTarget;
			buildConfigurationList = B736FC2B2BD23EEE00FB4C4B /* Build configuration list for PBXNativeTarget "IphoneIpadFirebase" */;
			buildPhases = (
				B736FC192BD23EEA00FB4C4B /* Sources */,
				B736FC1A2BD23EEA00FB4C4B /* Frameworks */,
				B736FC1B2BD23EEA00FB4C4B /* Resources */,
			);
			buildRules = (
			);
			dependencies = (
			);
			name = IphoneIpadFirebase;
			packageProductDependencies = (
				B736FC3B2BD7745000FB4C4B /* FirebaseAnalytics */,
				B736FC3D2BD7745000FB4C4B /* FirebaseAnalyticsOnDeviceConversion */,
				B736FC3F2BD7745000FB4C4B /* FirebaseAnalyticsSwift */,
				B736FC412BD7745000FB4C4B /* FirebaseAnalyticsWithoutAdIdSupport */,
				B736FC432BD7745000FB4C4B /* FirebaseAppCheck */,
				B736FC452BD7745000FB4C4B /* FirebaseAppDistribution-Beta */,
				B736FC472BD7745000FB4C4B /* FirebaseAuth */,
				B736FC492BD7745000FB4C4B /* FirebaseAuthCombine-Community */,
				B736FC4B2BD7745000FB4C4B /* FirebaseCrashlytics */,
				B736FC4D2BD7745000FB4C4B /* FirebaseDatabase */,
				B736FC4F2BD7745000FB4C4B /* FirebaseDatabaseSwift */,
				B736FC512BD7745000FB4C4B /* FirebaseDynamicLinks */,
				B736FC532BD7745000FB4C4B /* FirebaseFirestore */,
				B736FC552BD7745000FB4C4B /* FirebaseFirestoreCombine-Community */,
				B736FC572BD7745000FB4C4B /* FirebaseFirestoreSwift */,
				B736FC592BD7745000FB4C4B /* FirebaseFunctions */,
				B736FC5B2BD7745000FB4C4B /* FirebaseFunctionsCombine-Community */,
				B736FC5D2BD7745000FB4C4B /* FirebaseInAppMessaging-Beta */,
				B736FC5F2BD7745000FB4C4B /* FirebaseInAppMessagingSwift-Beta */,
				B736FC612BD7745000FB4C4B /* FirebaseInstallations */,
				B736FC632BD7745000FB4C4B /* FirebaseMLModelDownloader */,
				B736FC652BD7745000FB4C4B /* FirebaseMessaging */,
				B736FC672BD7745000FB4C4B /* FirebasePerformance */,
				B736FC692BD7745000FB4C4B /* FirebaseRemoteConfig */,
				B736FC6B2BD7745000FB4C4B /* FirebaseRemoteConfigSwift */,
				B736FC6D2BD7745000FB4C4B /* FirebaseStorage */,
				B736FC6F2BD7745000FB4C4B /* FirebaseStorageCombine-Community */,
			);
			productName = IphoneIpadFirebase;
			productReference = B736FC1D2BD23EEA00FB4C4B /* IphoneIpadFirebase.app */;
			productType = "com.apple.product-type.application";
		};
/* End PBXNativeTarget section */

/* Begin PBXProject section */
		B736FC152BD23EEA00FB4C4B /* Project object */ = {
			isa = PBXProject;
			attributes = {
				BuildIndependentTargetsInParallel = 1;
				LastSwiftUpdateCheck = 1500;
				LastUpgradeCheck = 1500;
				TargetAttributes = {
					B736FC1C2BD23EEA00FB4C4B = {
						CreatedOnToolsVersion = 15.0.1;
					};
				};
			};
			buildConfigurationList = B736FC182BD23EEA00FB4C4B /* Build configuration list for PBXProject "IphoneIpadFirebase" */;
			compatibilityVersion = "Xcode 14.0";
			developmentRegion = en;
			hasScannedForEncodings = 0;
			knownRegions = (
				en,
				Base,
			);
			mainGroup = B736FC142BD23EEA00FB4C4B;
			packageReferences = (
				B736FC3A2BD7745000FB4C4B /* XCRemoteSwiftPackageReference "firebase-ios-sdk" */,
			);
			productRefGroup = B736FC1E2BD23EEA00FB4C4B /* Products */;
			projectDirPath = "";
			projectRoot = "";
			targets = (
				B736FC1C2BD23EEA00FB4C4B /* IphoneIpadFirebase */,
			);
		};
/* End PBXProject section */

/* Begin PBXResourcesBuildPhase section */
		B736FC1B2BD23EEA00FB4C4B /* Resources */ = {
			isa = PBXResourcesBuildPhase;
			buildActionMask = 2147483647;
			files = (
				B736FC282BD23EEE00FB4C4B /* Preview Assets.xcassets in Resources */,
				B736FC252BD23EEE00FB4C4B /* Assets.xcassets in Resources */,
				B736FC392BD770CB00FB4C4B /* GoogleService-Info.plist in Resources */,
			);
			runOnlyForDeploymentPostprocessing = 0;
		};
/* End PBXResourcesBuildPhase section */

/* Begin PBXSourcesBuildPhase section */
		B736FC192BD23EEA00FB4C4B /* Sources */ = {
			isa = PBXSourcesBuildPhase;
			buildActionMask = 2147483647;
			files = (
				B7184B082BF9097B00607456 /* FirebaseModel.swift in Sources */,
				B736FC232BD23EEA00FB4C4B /* ContentView.swift in Sources */,
				B7184B0E2BFB2BF000607456 /* ListView.swift in Sources */,
				B736FC312BD23F4200FB4C4B /* Home.swift in Sources */,
				B7084E212BE0AE3B001AC448 /* AddView.swift in Sources */,
				B736FC372BD23F8D00FB4C4B /* ButtonView.swift in Sources */,
				B7184B0A2BFB27D500607456 /* PortadaViewModel.swift in Sources */,
				B736FC332BD23F6800FB4C4B /* NavBar.swift in Sources */,
				B736FC722BD7750F00FB4C4B /* AppDelegate.swift in Sources */,
				B736FC212BD23EEA00FB4C4B /* IphoneIpadFirebaseApp.swift in Sources */,
				B7184B0C2BFB29CF00607456 /* ImagenFirebase.swift in Sources */,
				B7184B042BE4BE9B00607456 /* ImagePicker.swift in Sources */,
				B736FC772BD8CB8800FB4C4B /* Login.swift in Sources */,
				B736FC352BD23F7D00FB4C4B /* CardView.swift in Sources */,
				B736FC752BD864C700FB4C4B /* FirebaseViewModel.swift in Sources */,
			);
			runOnlyForDeploymentPostprocessing = 0;
		};
/* End PBXSourcesBuildPhase section */

/* Begin XCBuildConfiguration section */
		B736FC292BD23EEE00FB4C4B /* Debug */ = {
			isa = XCBuildConfiguration;
			buildSettings = {
				ALWAYS_SEARCH_USER_PATHS = NO;
				ASSETCATALOG_COMPILER_GENERATE_SWIFT_ASSET_SYMBOL_EXTENSIONS = YES;
				CLANG_ANALYZER_NONNULL = YES;
				CLANG_ANALYZER_NUMBER_OBJECT_CONVERSION = YES_AGGRESSIVE;
				CLANG_CXX_LANGUAGE_STANDARD = "gnu++20";
				CLANG_ENABLE_MODULES = YES;
				CLANG_ENABLE_OBJC_ARC = YES;
				CLANG_ENABLE_OBJC_WEAK = YES;
				CLANG_WARN_BLOCK_CAPTURE_AUTORELEASING = YES;
				CLANG_WARN_BOOL_CONVERSION = YES;
				CLANG_WARN_COMMA = YES;
				CLANG_WARN_CONSTANT_CONVERSION = YES;
				CLANG_WARN_DEPRECATED_OBJC_IMPLEMENTATIONS = YES;
				CLANG_WARN_DIRECT_OBJC_ISA_USAGE = YES_ERROR;
				CLANG_WARN_DOCUMENTATION_COMMENTS = YES;
				CLANG_WARN_EMPTY_BODY = YES;
				CLANG_WARN_ENUM_CONVERSION = YES;
				CLANG_WARN_INFINITE_RECURSION = YES;
				CLANG_WARN_INT_CONVERSION = YES;
				CLANG_WARN_NON_LITERAL_NULL_CONVERSION = YES;
				CLANG_WARN_OBJC_IMPLICIT_RETAIN_SELF = YES;
				CLANG_WARN_OBJC_LITERAL_CONVERSION = YES;
				CLANG_WARN_OBJC_ROOT_CLASS = YES_ERROR;
				CLANG_WARN_QUOTED_INCLUDE_IN_FRAMEWORK_HEADER = YES;
				CLANG_WARN_RANGE_LOOP_ANALYSIS = YES;
				CLANG_WARN_STRICT_PROTOTYPES = YES;
				CLANG_WARN_SUSPICIOUS_MOVE = YES;
				CLANG_WARN_UNGUARDED_AVAILABILITY = YES_AGGRESSIVE;
				CLANG_WARN_UNREACHABLE_CODE = YES;
				CLANG_WARN__DUPLICATE_METHOD_MATCH = YES;
				COPY_PHASE_STRIP = NO;
				DEBUG_INFORMATION_FORMAT = dwarf;
				ENABLE_STRICT_OBJC_MSGSEND = YES;
				ENABLE_TESTABILITY = YES;
				ENABLE_USER_SCRIPT_SANDBOXING = YES;
				GCC_C_LANGUAGE_STANDARD = gnu17;
				GCC_DYNAMIC_NO_PIC = NO;
				GCC_NO_COMMON_BLOCKS = YES;
				GCC_OPTIMIZATION_LEVEL = 0;
				GCC_PREPROCESSOR_DEFINITIONS = (
					"DEBUG=1",
					"$(inherited)",
				);
				GCC_WARN_64_TO_32_BIT_CONVERSION = YES;
				GCC_WARN_ABOUT_RETURN_TYPE = YES_ERROR;
				GCC_WARN_UNDECLARED_SELECTOR = YES;
				GCC_WARN_UNINITIALIZED_AUTOS = YES_AGGRESSIVE;
				GCC_WARN_UNUSED_FUNCTION = YES;
				GCC_WARN_UNUSED_VARIABLE = YES;
				IPHONEOS_DEPLOYMENT_TARGET = 17.0;
				LOCALIZATION_PREFERS_STRING_CATALOGS = YES;
				MTL_ENABLE_DEBUG_INFO = INCLUDE_SOURCE;
				MTL_FAST_MATH = YES;
				ONLY_ACTIVE_ARCH = YES;
				SDKROOT = iphoneos;
				SWIFT_ACTIVE_COMPILATION_CONDITIONS = "DEBUG $(inherited)";
				SWIFT_OPTIMIZATION_LEVEL = "-Onone";
			};
			name = Debug;
		};
		B736FC2A2BD23EEE00FB4C4B /* Release */ = {
			isa = XCBuildConfiguration;
			buildSettings = {
				ALWAYS_SEARCH_USER_PATHS = NO;
				ASSETCATALOG_COMPILER_GENERATE_SWIFT_ASSET_SYMBOL_EXTENSIONS = YES;
				CLANG_ANALYZER_NONNULL = YES;
				CLANG_ANALYZER_NUMBER_OBJECT_CONVERSION = YES_AGGRESSIVE;
				CLANG_CXX_LANGUAGE_STANDARD = "gnu++20";
				CLANG_ENABLE_MODULES = YES;
				CLANG_ENABLE_OBJC_ARC = YES;
				CLANG_ENABLE_OBJC_WEAK = YES;
				CLANG_WARN_BLOCK_CAPTURE_AUTORELEASING = YES;
				CLANG_WARN_BOOL_CONVERSION = YES;
				CLANG_WARN_COMMA = YES;
				CLANG_WARN_CONSTANT_CONVERSION = YES;
				CLANG_WARN_DEPRECATED_OBJC_IMPLEMENTATIONS = YES;
				CLANG_WARN_DIRECT_OBJC_ISA_USAGE = YES_ERROR;
				CLANG_WARN_DOCUMENTATION_COMMENTS = YES;
				CLANG_WARN_EMPTY_BODY = YES;
				CLANG_WARN_ENUM_CONVERSION = YES;
				CLANG_WARN_INFINITE_RECURSION = YES;
				CLANG_WARN_INT_CONVERSION = YES;
				CLANG_WARN_NON_LITERAL_NULL_CONVERSION = YES;
				CLANG_WARN_OBJC_IMPLICIT_RETAIN_SELF = YES;
				CLANG_WARN_OBJC_LITERAL_CONVERSION = YES;
				CLANG_WARN_OBJC_ROOT_CLASS = YES_ERROR;
				CLANG_WARN_QUOTED_INCLUDE_IN_FRAMEWORK_HEADER = YES;
				CLANG_WARN_RANGE_LOOP_ANALYSIS = YES;
				CLANG_WARN_STRICT_PROTOTYPES = YES;
				CLANG_WARN_SUSPICIOUS_MOVE = YES;
				CLANG_WARN_UNGUARDED_AVAILABILITY = YES_AGGRESSIVE;
				CLANG_WARN_UNREACHABLE_CODE = YES;
				CLANG_WARN__DUPLICATE_METHOD_MATCH = YES;
				COPY_PHASE_STRIP = NO;
				DEBUG_INFORMATION_FORMAT = "dwarf-with-dsym";
				ENABLE_NS_ASSERTIONS = NO;
				ENABLE_STRICT_OBJC_MSGSEND = YES;
				ENABLE_USER_SCRIPT_SANDBOXING = YES;
				GCC_C_LANGUAGE_STANDARD = gnu17;
				GCC_NO_COMMON_BLOCKS = YES;
				GCC_WARN_64_TO_32_BIT_CONVERSION = YES;
				GCC_WARN_ABOUT_RETURN_TYPE = YES_ERROR;
				GCC_WARN_UNDECLARED_SELECTOR = YES;
				GCC_WARN_UNINITIALIZED_AUTOS = YES_AGGRESSIVE;
				GCC_WARN_UNUSED_FUNCTION = YES;
				GCC_WARN_UNUSED_VARIABLE = YES;
				IPHONEOS_DEPLOYMENT_TARGET = 17.0;
				LOCALIZATION_PREFERS_STRING_CATALOGS = YES;
				MTL_ENABLE_DEBUG_INFO = NO;
				MTL_FAST_MATH = YES;
				SDKROOT = iphoneos;
				SWIFT_COMPILATION_MODE = wholemodule;
				VALIDATE_PRODUCT = YES;
			};
			name = Release;
		};
		B736FC2C2BD23EEE00FB4C4B /* Debug */ = {
			isa = XCBuildConfiguration;
			buildSettings = {
				ASSETCATALOG_COMPILER_APPICON_NAME = AppIcon;
				ASSETCATALOG_COMPILER_GLOBAL_ACCENT_COLOR_NAME = AccentColor;
				CODE_SIGN_STYLE = Automatic;
				CURRENT_PROJECT_VERSION = 1;
				DEVELOPMENT_ASSET_PATHS = "\"IphoneIpadFirebase/Preview Content\"";
				DEVELOPMENT_TEAM = NN4Z77S6L2;
				ENABLE_PREVIEWS = YES;
				GENERATE_INFOPLIST_FILE = YES;
				INFOPLIST_KEY_UIApplicationSceneManifest_Generation = YES;
				INFOPLIST_KEY_UIApplicationSupportsIndirectInputEvents = YES;
				INFOPLIST_KEY_UILaunchScreen_Generation = YES;
				INFOPLIST_KEY_UISupportedInterfaceOrientations_iPad = "UIInterfaceOrientationPortrait UIInterfaceOrientationPortraitUpsideDown UIInterfaceOrientationLandscapeLeft UIInterfaceOrientationLandscapeRight";
				INFOPLIST_KEY_UISupportedInterfaceOrientations_iPhone = "UIInterfaceOrientationPortrait UIInterfaceOrientationLandscapeLeft UIInterfaceOrientationLandscapeRight";
				LD_RUNPATH_SEARCH_PATHS = (
					"$(inherited)",
					"@executable_path/Frameworks",
				);
				MARKETING_VERSION = 1.0;
				PRODUCT_BUNDLE_IDENTIFIER = com.HolaSwift.IphoneIpadFirebase;
				PRODUCT_NAME = "$(TARGET_NAME)";
				SWIFT_EMIT_LOC_STRINGS = YES;
				SWIFT_VERSION = 5.0;
				TARGETED_DEVICE_FAMILY = "1,2";
			};
			name = Debug;
		};
		B736FC2D2BD23EEE00FB4C4B /* Release */ = {
			isa = XCBuildConfiguration;
			buildSettings = {
				ASSETCATALOG_COMPILER_APPICON_NAME = AppIcon;
				ASSETCATALOG_COMPILER_GLOBAL_ACCENT_COLOR_NAME = AccentColor;
				CODE_SIGN_STYLE = Automatic;
				CURRENT_PROJECT_VERSION = 1;
				DEVELOPMENT_ASSET_PATHS = "\"IphoneIpadFirebase/Preview Content\"";
				DEVELOPMENT_TEAM = NN4Z77S6L2;
				ENABLE_PREVIEWS = YES;
				GENERATE_INFOPLIST_FILE = YES;
				INFOPLIST_KEY_UIApplicationSceneManifest_Generation = YES;
				INFOPLIST_KEY_UIApplicationSupportsIndirectInputEvents = YES;
				INFOPLIST_KEY_UILaunchScreen_Generation = YES;
				INFOPLIST_KEY_UISupportedInterfaceOrientations_iPad = "UIInterfaceOrientationPortrait UIInterfaceOrientationPortraitUpsideDown UIInterfaceOrientationLandscapeLeft UIInterfaceOrientationLandscapeRight";
				INFOPLIST_KEY_UISupportedInterfaceOrientations_iPhone = "UIInterfaceOrientationPortrait UIInterfaceOrientationLandscapeLeft UIInterfaceOrientationLandscapeRight";
				LD_RUNPATH_SEARCH_PATHS = (
					"$(inherited)",
					"@executable_path/Frameworks",
				);
				MARKETING_VERSION = 1.0;
				PRODUCT_BUNDLE_IDENTIFIER = com.HolaSwift.IphoneIpadFirebase;
				PRODUCT_NAME = "$(TARGET_NAME)";
				SWIFT_EMIT_LOC_STRINGS = YES;
				SWIFT_VERSION = 5.0;
				TARGETED_DEVICE_FAMILY = "1,2";
			};
			name = Release;
		};
/* End XCBuildConfiguration section */

/* Begin XCConfigurationList section */
		B736FC182BD23EEA00FB4C4B /* Build configuration list for PBXProject "IphoneIpadFirebase" */ = {
			isa = XCConfigurationList;
			buildConfigurations = (
				B736FC292BD23EEE00FB4C4B /* Debug */,
				B736FC2A2BD23EEE00FB4C4B /* Release */,
			);
			defaultConfigurationIsVisible = 0;
			defaultConfigurationName = Release;
		};
		B736FC2B2BD23EEE00FB4C4B /* Build configuration list for PBXNativeTarget "IphoneIpadFirebase" */ = {
			isa = XCConfigurationList;
			buildConfigurations = (
				B736FC2C2BD23EEE00FB4C4B /* Debug */,
				B736FC2D2BD23EEE00FB4C4B /* Release */,
			);
			defaultConfigurationIsVisible = 0;
			defaultConfigurationName = Release;
		};
/* End XCConfigurationList section */

/* Begin XCRemoteSwiftPackageReference section */
		B736FC3A2BD7745000FB4C4B /* XCRemoteSwiftPackageReference "firebase-ios-sdk" */ = {
			isa = XCRemoteSwiftPackageReference;
			repositoryURL = "https://github.com/firebase/firebase-ios-sdk";
			requirement = {
				kind = upToNextMajorVersion;
				minimumVersion = 10.24.0;
			};
		};
/* End XCRemoteSwiftPackageReference section */

/* Begin XCSwiftPackageProductDependency section */
		B736FC3B2BD7745000FB4C4B /* FirebaseAnalytics */ = {
			isa = XCSwiftPackageProductDependency;
			package = B736FC3A2BD7745000FB4C4B /* XCRemoteSwiftPackageReference "firebase-ios-sdk" */;
			productName = FirebaseAnalytics;
		};
		B736FC3D2BD7745000FB4C4B /* FirebaseAnalyticsOnDeviceConversion */ = {
			isa = XCSwiftPackageProductDependency;
			package = B736FC3A2BD7745000FB4C4B /* XCRemoteSwiftPackageReference "firebase-ios-sdk" */;
			productName = FirebaseAnalyticsOnDeviceConversion;
		};
		B736FC3F2BD7745000FB4C4B /* FirebaseAnalyticsSwift */ = {
			isa = XCSwiftPackageProductDependency;
			package = B736FC3A2BD7745000FB4C4B /* XCRemoteSwiftPackageReference "firebase-ios-sdk" */;
			productName = FirebaseAnalyticsSwift;
		};
		B736FC412BD7745000FB4C4B /* FirebaseAnalyticsWithoutAdIdSupport */ = {
			isa = XCSwiftPackageProductDependency;
			package = B736FC3A2BD7745000FB4C4B /* XCRemoteSwiftPackageReference "firebase-ios-sdk" */;
			productName = FirebaseAnalyticsWithoutAdIdSupport;
		};
		B736FC432BD7745000FB4C4B /* FirebaseAppCheck */ = {
			isa = XCSwiftPackageProductDependency;
			package = B736FC3A2BD7745000FB4C4B /* XCRemoteSwiftPackageReference "firebase-ios-sdk" */;
			productName = FirebaseAppCheck;
		};
		B736FC452BD7745000FB4C4B /* FirebaseAppDistribution-Beta */ = {
			isa = XCSwiftPackageProductDependency;
			package = B736FC3A2BD7745000FB4C4B /* XCRemoteSwiftPackageReference "firebase-ios-sdk" */;
			productName = "FirebaseAppDistribution-Beta";
		};
		B736FC472BD7745000FB4C4B /* FirebaseAuth */ = {
			isa = XCSwiftPackageProductDependency;
			package = B736FC3A2BD7745000FB4C4B /* XCRemoteSwiftPackageReference "firebase-ios-sdk" */;
			productName = FirebaseAuth;
		};
		B736FC492BD7745000FB4C4B /* FirebaseAuthCombine-Community */ = {
			isa = XCSwiftPackageProductDependency;
			package = B736FC3A2BD7745000FB4C4B /* XCRemoteSwiftPackageReference "firebase-ios-sdk" */;
			productName = "FirebaseAuthCombine-Community";
		};
		B736FC4B2BD7745000FB4C4B /* FirebaseCrashlytics */ = {
			isa = XCSwiftPackageProductDependency;
			package = B736FC3A2BD7745000FB4C4B /* XCRemoteSwiftPackageReference "firebase-ios-sdk" */;
			productName = FirebaseCrashlytics;
		};
		B736FC4D2BD7745000FB4C4B /* FirebaseDatabase */ = {
			isa = XCSwiftPackageProductDependency;
			package = B736FC3A2BD7745000FB4C4B /* XCRemoteSwiftPackageReference "firebase-ios-sdk" */;
			productName = FirebaseDatabase;
		};
		B736FC4F2BD7745000FB4C4B /* FirebaseDatabaseSwift */ = {
			isa = XCSwiftPackageProductDependency;
			package = B736FC3A2BD7745000FB4C4B /* XCRemoteSwiftPackageReference "firebase-ios-sdk" */;
			productName = FirebaseDatabaseSwift;
		};
		B736FC512BD7745000FB4C4B /* FirebaseDynamicLinks */ = {
			isa = XCSwiftPackageProductDependency;
			package = B736FC3A2BD7745000FB4C4B /* XCRemoteSwiftPackageReference "firebase-ios-sdk" */;
			productName = FirebaseDynamicLinks;
		};
		B736FC532BD7745000FB4C4B /* FirebaseFirestore */ = {
			isa = XCSwiftPackageProductDependency;
			package = B736FC3A2BD7745000FB4C4B /* XCRemoteSwiftPackageReference "firebase-ios-sdk" */;
			productName = FirebaseFirestore;
		};
		B736FC552BD7745000FB4C4B /* FirebaseFirestoreCombine-Community */ = {
			isa = XCSwiftPackageProductDependency;
			package = B736FC3A2BD7745000FB4C4B /* XCRemoteSwiftPackageReference "firebase-ios-sdk" */;
			productName = "FirebaseFirestoreCombine-Community";
		};
		B736FC572BD7745000FB4C4B /* FirebaseFirestoreSwift */ = {
			isa = XCSwiftPackageProductDependency;
			package = B736FC3A2BD7745000FB4C4B /* XCRemoteSwiftPackageReference "firebase-ios-sdk" */;
			productName = FirebaseFirestoreSwift;
		};
		B736FC592BD7745000FB4C4B /* FirebaseFunctions */ = {
			isa = XCSwiftPackageProductDependency;
			package = B736FC3A2BD7745000FB4C4B /* XCRemoteSwiftPackageReference "firebase-ios-sdk" */;
			productName = FirebaseFunctions;
		};
		B736FC5B2BD7745000FB4C4B /* FirebaseFunctionsCombine-Community */ = {
			isa = XCSwiftPackageProductDependency;
			package = B736FC3A2BD7745000FB4C4B /* XCRemoteSwiftPackageReference "firebase-ios-sdk" */;
			productName = "FirebaseFunctionsCombine-Community";
		};
		B736FC5D2BD7745000FB4C4B /* FirebaseInAppMessaging-Beta */ = {
			isa = XCSwiftPackageProductDependency;
			package = B736FC3A2BD7745000FB4C4B /* XCRemoteSwiftPackageReference "firebase-ios-sdk" */;
			productName = "FirebaseInAppMessaging-Beta";
		};
		B736FC5F2BD7745000FB4C4B /* FirebaseInAppMessagingSwift-Beta */ = {
			isa = XCSwiftPackageProductDependency;
			package = B736FC3A2BD7745000FB4C4B /* XCRemoteSwiftPackageReference "firebase-ios-sdk" */;
			productName = "FirebaseInAppMessagingSwift-Beta";
		};
		B736FC612BD7745000FB4C4B /* FirebaseInstallations */ = {
			isa = XCSwiftPackageProductDependency;
			package = B736FC3A2BD7745000FB4C4B /* XCRemoteSwiftPackageReference "firebase-ios-sdk" */;
			productName = FirebaseInstallations;
		};
		B736FC632BD7745000FB4C4B /* FirebaseMLModelDownloader */ = {
			isa = XCSwiftPackageProductDependency;
			package = B736FC3A2BD7745000FB4C4B /* XCRemoteSwiftPackageReference "firebase-ios-sdk" */;
			productName = FirebaseMLModelDownloader;
		};
		B736FC652BD7745000FB4C4B /* FirebaseMessaging */ = {
			isa = XCSwiftPackageProductDependency;
			package = B736FC3A2BD7745000FB4C4B /* XCRemoteSwiftPackageReference "firebase-ios-sdk" */;
			productName = FirebaseMessaging;
		};
		B736FC672BD7745000FB4C4B /* FirebasePerformance */ = {
			isa = XCSwiftPackageProductDependency;
			package = B736FC3A2BD7745000FB4C4B /* XCRemoteSwiftPackageReference "firebase-ios-sdk" */;
			productName = FirebasePerformance;
		};
		B736FC692BD7745000FB4C4B /* FirebaseRemoteConfig */ = {
			isa = XCSwiftPackageProductDependency;
			package = B736FC3A2BD7745000FB4C4B /* XCRemoteSwiftPackageReference "firebase-ios-sdk" */;
			productName = FirebaseRemoteConfig;
		};
		B736FC6B2BD7745000FB4C4B /* FirebaseRemoteConfigSwift */ = {
			isa = XCSwiftPackageProductDependency;
			package = B736FC3A2BD7745000FB4C4B /* XCRemoteSwiftPackageReference "firebase-ios-sdk" */;
			productName = FirebaseRemoteConfigSwift;
		};
		B736FC6D2BD7745000FB4C4B /* FirebaseStorage */ = {
			isa = XCSwiftPackageProductDependency;
			package = B736FC3A2BD7745000FB4C4B /* XCRemoteSwiftPackageReference "firebase-ios-sdk" */;
			productName = FirebaseStorage;
		};
		B736FC6F2BD7745000FB4C4B /* FirebaseStorageCombine-Community */ = {
			isa = XCSwiftPackageProductDependency;
			package = B736FC3A2BD7745000FB4C4B /* XCRemoteSwiftPackageReference "firebase-ios-sdk" */;
			productName = "FirebaseStorageCombine-Community";
		};
/* End XCSwiftPackageProductDependency section */
	};
	rootObject = B736FC152BD23EEA00FB4C4B /* Project object */;
}
